{
  "name": "mono-pipeline",
  "version": "1.0.0",
  "lockfileVersion": 2,
  "requires": true,
  "packages": {
    "": {
      "name": "mono-pipeline",
      "version": "1.0.0",
      "license": "ISC",
      "workspaces": [
        "packages/a",
        "packages/b"
      ]
    },
    "node_modules/@stephaniez_rangle/a": {
      "resolved": "packages/a",
      "link": true
    },
    "node_modules/@stephaniez_rangle/b": {
      "resolved": "packages/b",
      "link": true
    },
    "node_modules/typescript": {
      "version": "4.7.4",
      "resolved": "https://registry.npmjs.org/typescript/-/typescript-4.7.4.tgz",
      "integrity": "sha512-C0WQT0gezHuw6AdY1M2jxUO83Rjf0HP7Sk1DtXj6j1EwkQNZrHAg2XPWlq62oqEhYvONq5pkC2Y9oPljWToLmQ==",
      "dev": true,
      "bin": {
        "tsc": "bin/tsc",
        "tsserver": "bin/tsserver"
      },
      "engines": {
        "node": ">=4.2.0"
      }
    },
    "packages/a": {
      "name": "@stephaniez_rangle/a",
      "version": "0.0.15",
      "license": "ISC",
      "devDependencies": {
        "typescript": "^4.2.4"
      }
    },
    "packages/b": {
      "name": "@stephaniez_rangle/b",
      "version": "0.0.14",
      "license": "ISC",
      "devDependencies": {
        "@stephaniez_rangle/a": "^0.0.15",
        "typescript": "^4.2.4"
      }
    }
  },
  "dependencies": {
    "@stephaniez_rangle/a": {
      "version": "file:packages/a",
      "requires": {
        "typescript": "^4.2.4"
      }
    },
    "@stephaniez_rangle/b": {
      "version": "file:packages/b",
      "requires": {
        "@stephaniez_rangle/a": "0.0.15",
        "typescript": "^4.2.4"
      }
    },
    "typescript": {
      "version": "4.7.4",
      "resolved": "https://registry.npmjs.org/typescript/-/typescript-4.7.4.tgz",
      "integrity": "sha512-C0WQT0gezHuw6AdY1M2jxUO83Rjf0HP7Sk1DtXj6j1EwkQNZrHAg2XPWlq62oqEhYvONq5pkC2Y9oPljWToLmQ==",
      "dev": true
    }
  }
}
